
Microsoft Visual Studio Solution File, Format Version 12.00
# Visual Studio 15
VisualStudioVersion = 15.0.28307.2092
MinimumVisualStudioVersion = 10.0.40219.1
Project("{FAE04EC0-301F-11D3-BF4B-00C04F79EFBC}") = "UserTests", "UnitTests\UserTests.csproj", "{1C6D7287-49CB-4EDF-8396-53116F628FCD}"
EndProject
Project("{FAE04EC0-301F-11D3-BF4B-00C04F79EFBC}") = "Task1", "..\4\lab4\Task1\Task1.csproj", "{9B135960-3275-4BDD-BB2A-6E03B6FA04D6}"
EndProject
Project("{FAE04EC0-301F-11D3-BF4B-00C04F79EFBC}") = "ArrayTests", "ArrayTests\ArrayTests.csproj", "{BBE98321-4087-488F-9349-5164B84337F3}"
EndProject
Global
	GlobalSection(SolutionConfigurationPlatforms) = preSolution
		Debug|Any CPU = Debug|Any CPU
		Release|Any CPU = Release|Any CPU
	EndGlobalSection
	GlobalSection(ProjectConfigurationPlatforms) = postSolution
		{1C6D7287-49CB-4EDF-8396-53116F628FCD}.Debug|Any CPU.ActiveCfg = Debug|Any CPU
		{1C6D7287-49CB-4EDF-8396-53116F628FCD}.Debug|Any CPU.Build.0 = Debug|Any CPU
		{1C6D7287-49CB-4EDF-8396-53116F628FCD}.Release|Any CPU.ActiveCfg = Release|Any CPU
		{1C6D7287-49CB-4EDF-8396-53116F628FCD}.Release|Any CPU.Build.0 = Release|Any CPU
		{9B135960-3275-4BDD-BB2A-6E03B6FA04D6}.Debug|Any CPU.ActiveCfg = Debug|Any CPU
		{9B135960-3275-4BDD-BB2A-6E03B6FA04D6}.Debug|Any CPU.Build.0 = Debug|Any CPU
		{9B135960-3275-4BDD-BB2A-6E03B6FA04D6}.Release|Any CPU.ActiveCfg = Release|Any CPU
		{9B135960-3275-4BDD-BB2A-6E03B6FA04D6}.Release|Any CPU.Build.0 = Release|Any CPU
		{BBE98321-4087-488F-9349-5164B84337F3}.Debug|Any CPU.ActiveCfg = Debug|Any CPU
		{BBE98321-4087-488F-9349-5164B84337F3}.Debug|Any CPU.Build.0 = Debug|Any CPU
		{BBE98321-4087-488F-9349-5164B84337F3}.Release|Any CPU.ActiveCfg = Release|Any CPU
		{BBE98321-4087-488F-9349-5164B84337F3}.Release|Any CPU.Build.0 = Release|Any CPU
	EndGlobalSection
	GlobalSection(SolutionProperties) = preSolution
		HideSolutionNode = FALSE
	EndGlobalSection
	GlobalSection(ExtensibilityGlobals) = postSolution
		SolutionGuid = {2B9A69EE-C48A-41C8-B102-AF4087EA5964}
	EndGlobalSection
EndGlobal
