
Microsoft Visual Studio Solution File, Format Version 12.00
# Visual Studio 15
VisualStudioVersion = 15.0.28307.2092
MinimumVisualStudioVersion = 10.0.40219.1
Project("{FAE04EC0-301F-11D3-BF4B-00C04F79EFBC}") = "Task1", "Task1\Task1.csproj", "{139A07FD-61A3-4843-9977-4FB2B1D9FBAB}"
EndProject
Project("{FAE04EC0-301F-11D3-BF4B-00C04F79EFBC}") = "Task2", "Task2\Task2.csproj", "{F3CFD9E9-771A-4DB1-966E-A585DFB53432}"
EndProject
Global
	GlobalSection(SolutionConfigurationPlatforms) = preSolution
		Debug|Any CPU = Debug|Any CPU
		Release|Any CPU = Release|Any CPU
	EndGlobalSection
	GlobalSection(ProjectConfigurationPlatforms) = postSolution
		{139A07FD-61A3-4843-9977-4FB2B1D9FBAB}.Debug|Any CPU.ActiveCfg = Debug|Any CPU
		{139A07FD-61A3-4843-9977-4FB2B1D9FBAB}.Debug|Any CPU.Build.0 = Debug|Any CPU
		{139A07FD-61A3-4843-9977-4FB2B1D9FBAB}.Release|Any CPU.ActiveCfg = Release|Any CPU
		{139A07FD-61A3-4843-9977-4FB2B1D9FBAB}.Release|Any CPU.Build.0 = Release|Any CPU
		{F3CFD9E9-771A-4DB1-966E-A585DFB53432}.Debug|Any CPU.ActiveCfg = Debug|Any CPU
		{F3CFD9E9-771A-4DB1-966E-A585DFB53432}.Debug|Any CPU.Build.0 = Debug|Any CPU
		{F3CFD9E9-771A-4DB1-966E-A585DFB53432}.Release|Any CPU.ActiveCfg = Release|Any CPU
		{F3CFD9E9-771A-4DB1-966E-A585DFB53432}.Release|Any CPU.Build.0 = Release|Any CPU
	EndGlobalSection
	GlobalSection(SolutionProperties) = preSolution
		HideSolutionNode = FALSE
	EndGlobalSection
	GlobalSection(ExtensibilityGlobals) = postSolution
		SolutionGuid = {88529EB7-135E-4CE5-913E-87E1C4892454}
	EndGlobalSection
EndGlobal
