
Microsoft Visual Studio Solution File, Format Version 12.00
# Visual Studio 15
VisualStudioVersion = 15.0.28307.2092
MinimumVisualStudioVersion = 10.0.40219.1
Project("{FAE04EC0-301F-11D3-BF4B-00C04F79EFBC}") = "Task1", "Task1\Task1.csproj", "{1E8159CD-7EAF-46C2-BD2E-37F46ABD3709}"
EndProject
Project("{FAE04EC0-301F-11D3-BF4B-00C04F79EFBC}") = "Task2", "Task2\Task2.csproj", "{77486379-57CC-41EC-B424-6DA08FBD913A}"
EndProject
Project("{FAE04EC0-301F-11D3-BF4B-00C04F79EFBC}") = "Task3", "Task3\Task3.csproj", "{3EFCA6FF-A2F8-4D45-B938-B179E0B00327}"
EndProject
Project("{FAE04EC0-301F-11D3-BF4B-00C04F79EFBC}") = "Task4", "Task4\Task4.csproj", "{7FA6796F-0C96-405E-990B-605A5088DAEB}"
EndProject
Project("{FAE04EC0-301F-11D3-BF4B-00C04F79EFBC}") = "Task5", "Task5\Task5.csproj", "{9650579B-6432-45CA-87CA-6137779F1AF2}"
EndProject
Global
	GlobalSection(SolutionConfigurationPlatforms) = preSolution
		Debug|Any CPU = Debug|Any CPU
		Release|Any CPU = Release|Any CPU
	EndGlobalSection
	GlobalSection(ProjectConfigurationPlatforms) = postSolution
		{1E8159CD-7EAF-46C2-BD2E-37F46ABD3709}.Debug|Any CPU.ActiveCfg = Debug|Any CPU
		{1E8159CD-7EAF-46C2-BD2E-37F46ABD3709}.Debug|Any CPU.Build.0 = Debug|Any CPU
		{1E8159CD-7EAF-46C2-BD2E-37F46ABD3709}.Release|Any CPU.ActiveCfg = Release|Any CPU
		{1E8159CD-7EAF-46C2-BD2E-37F46ABD3709}.Release|Any CPU.Build.0 = Release|Any CPU
		{77486379-57CC-41EC-B424-6DA08FBD913A}.Debug|Any CPU.ActiveCfg = Debug|Any CPU
		{77486379-57CC-41EC-B424-6DA08FBD913A}.Debug|Any CPU.Build.0 = Debug|Any CPU
		{77486379-57CC-41EC-B424-6DA08FBD913A}.Release|Any CPU.ActiveCfg = Release|Any CPU
		{77486379-57CC-41EC-B424-6DA08FBD913A}.Release|Any CPU.Build.0 = Release|Any CPU
		{3EFCA6FF-A2F8-4D45-B938-B179E0B00327}.Debug|Any CPU.ActiveCfg = Debug|Any CPU
		{3EFCA6FF-A2F8-4D45-B938-B179E0B00327}.Debug|Any CPU.Build.0 = Debug|Any CPU
		{3EFCA6FF-A2F8-4D45-B938-B179E0B00327}.Release|Any CPU.ActiveCfg = Release|Any CPU
		{3EFCA6FF-A2F8-4D45-B938-B179E0B00327}.Release|Any CPU.Build.0 = Release|Any CPU
		{7FA6796F-0C96-405E-990B-605A5088DAEB}.Debug|Any CPU.ActiveCfg = Debug|Any CPU
		{7FA6796F-0C96-405E-990B-605A5088DAEB}.Debug|Any CPU.Build.0 = Debug|Any CPU
		{7FA6796F-0C96-405E-990B-605A5088DAEB}.Release|Any CPU.ActiveCfg = Release|Any CPU
		{7FA6796F-0C96-405E-990B-605A5088DAEB}.Release|Any CPU.Build.0 = Release|Any CPU
		{9650579B-6432-45CA-87CA-6137779F1AF2}.Debug|Any CPU.ActiveCfg = Debug|Any CPU
		{9650579B-6432-45CA-87CA-6137779F1AF2}.Debug|Any CPU.Build.0 = Debug|Any CPU
		{9650579B-6432-45CA-87CA-6137779F1AF2}.Release|Any CPU.ActiveCfg = Release|Any CPU
		{9650579B-6432-45CA-87CA-6137779F1AF2}.Release|Any CPU.Build.0 = Release|Any CPU
	EndGlobalSection
	GlobalSection(SolutionProperties) = preSolution
		HideSolutionNode = FALSE
	EndGlobalSection
	GlobalSection(ExtensibilityGlobals) = postSolution
		SolutionGuid = {281734AF-B457-4A86-A00D-18BD71E2D5DD}
	EndGlobalSection
EndGlobal
